// !$*UTF8*$!
{
	archiveVersion = 1;
	classes = {
	};
	objectVersion = 55;
	objects = {

/* Begin PBXBuildFile section */
		43C83C0B286BB2E900FBEA40 /* AppDelegate.swift in Sources */ = {isa = PBXBuildFile; fileRef = 43C83C0A286BB2E900FBEA40 /* AppDelegate.swift */; };
		43C83C0D286BB2E900FBEA40 /* SceneDelegate.swift in Sources */ = {isa = PBXBuildFile; fileRef = 43C83C0C286BB2E900FBEA40 /* SceneDelegate.swift */; };
		43C83C0F286BB2E900FBEA40 /* ViewController.swift in Sources */ = {isa = PBXBuildFile; fileRef = 43C83C0E286BB2E900FBEA40 /* ViewController.swift */; };
		43C83C12286BB2E900FBEA40 /* Main.storyboard in Resources */ = {isa = PBXBuildFile; fileRef = 43C83C10286BB2E900FBEA40 /* Main.storyboard */; };
		43C83C15286BB2E900FBEA40 /* SWP.xcdatamodeld in Sources */ = {isa = PBXBuildFile; fileRef = 43C83C13286BB2E900FBEA40 /* SWP.xcdatamodeld */; };
		43C83C17286BB2EE00FBEA40 /* Assets.xcassets in Resources */ = {isa = PBXBuildFile; fileRef = 43C83C16286BB2EE00FBEA40 /* Assets.xcassets */; };
		43C83C1A286BB2EE00FBEA40 /* LaunchScreen.storyboard in Resources */ = {isa = PBXBuildFile; fileRef = 43C83C18286BB2EE00FBEA40 /* LaunchScreen.storyboard */; };
		43C83C25286BB2EE00FBEA40 /* SWPTests.swift in Sources */ = {isa = PBXBuildFile; fileRef = 43C83C24286BB2EE00FBEA40 /* SWPTests.swift */; };
		43C83C2F286BB2EF00FBEA40 /* SWPUITests.swift in Sources */ = {isa = PBXBuildFile; fileRef = 43C83C2E286BB2EF00FBEA40 /* SWPUITests.swift */; };
		43C83C31286BB2EF00FBEA40 /* SWPUITestsLaunchTests.swift in Sources */ = {isa = PBXBuildFile; fileRef = 43C83C30286BB2EF00FBEA40 /* SWPUITestsLaunchTests.swift */; };
		43C83C87286E9CC100FBEA40 /* SecondViewController.swift in Sources */ = {isa = PBXBuildFile; fileRef = 43C83C86286E9CC100FBEA40 /* SecondViewController.swift */; };
		43C83C89286EBA8A00FBEA40 /* Q1ViewController.swift in Sources */ = {isa = PBXBuildFile; fileRef = 43C83C88286EBA8900FBEA40 /* Q1ViewController.swift */; };
		43C83C8B286EBACA00FBEA40 /* Q2ViewController.swift in Sources */ = {isa = PBXBuildFile; fileRef = 43C83C8A286EBACA00FBEA40 /* Q2ViewController.swift */; };
		43C83C8D286EBAF200FBEA40 /* Q3ViewController.swift in Sources */ = {isa = PBXBuildFile; fileRef = 43C83C8C286EBAF200FBEA40 /* Q3ViewController.swift */; };
		43C83C8F286EBB1200FBEA40 /* Q4ViewController.swift in Sources */ = {isa = PBXBuildFile; fileRef = 43C83C8E286EBB1200FBEA40 /* Q4ViewController.swift */; };
		43C83C91286EBB3900FBEA40 /* ResultsViewController.swift in Sources */ = {isa = PBXBuildFile; fileRef = 43C83C90286EBB3900FBEA40 /* ResultsViewController.swift */; };
		43C83C95286ECCD800FBEA40 /* startQuizViewController.swift in Sources */ = {isa = PBXBuildFile; fileRef = 43C83C94286ECCD800FBEA40 /* startQuizViewController.swift */; };
		43E20BD1286F59A800027C2F /* logo.mp4 in Resources */ = {isa = PBXBuildFile; fileRef = 43E20BD0286F59A800027C2F /* logo.mp4 */; };
/* End PBXBuildFile section */

/* Begin PBXContainerItemProxy section */
		43C83C21286BB2EE00FBEA40 /* PBXContainerItemProxy */ = {
			isa = PBXContainerItemProxy;
			containerPortal = 43C83BFF286BB2E800FBEA40 /* Project object */;
			proxyType = 1;
			remoteGlobalIDString = 43C83C06286BB2E900FBEA40;
			remoteInfo = SWP;
		};
		43C83C2B286BB2EF00FBEA40 /* PBXContainerItemProxy */ = {
			isa = PBXContainerItemProxy;
			containerPortal = 43C83BFF286BB2E800FBEA40 /* Project object */;
			proxyType = 1;
			remoteGlobalIDString = 43C83C06286BB2E900FBEA40;
			remoteInfo = SWP;
		};
/* End PBXContainerItemProxy section */

/* Begin PBXFileReference section */
		43C83C07286BB2E900FBEA40 /* SWP.app */ = {isa = PBXFileReference; explicitFileType = wrapper.application; includeInIndex = 0; path = SWP.app; sourceTree = BUILT_PRODUCTS_DIR; };
		43C83C0A286BB2E900FBEA40 /* AppDelegate.swift */ = {isa = PBXFileReference; lastKnownFileType = sourcecode.swift; path = AppDelegate.swift; sourceTree = "<group>"; };
		43C83C0C286BB2E900FBEA40 /* SceneDelegate.swift */ = {isa = PBXFileReference; lastKnownFileType = sourcecode.swift; path = SceneDelegate.swift; sourceTree = "<group>"; };
		43C83C0E286BB2E900FBEA40 /* ViewController.swift */ = {isa = PBXFileReference; lastKnownFileType = sourcecode.swift; path = ViewController.swift; sourceTree = "<group>"; };
		43C83C11286BB2E900FBEA40 /* Base */ = {isa = PBXFileReference; lastKnownFileType = file.storyboard; name = Base; path = Base.lproj/Main.storyboard; sourceTree = "<group>"; };
		43C83C14286BB2E900FBEA40 /* SWP.xcdatamodel */ = {isa = PBXFileReference; lastKnownFileType = wrapper.xcdatamodel; path = SWP.xcdatamodel; sourceTree = "<group>"; };
		43C83C16286BB2EE00FBEA40 /* Assets.xcassets */ = {isa = PBXFileReference; lastKnownFileType = folder.assetcatalog; path = Assets.xcassets; sourceTree = "<group>"; };
		43C83C19286BB2EE00FBEA40 /* Base */ = {isa = PBXFileReference; lastKnownFileType = file.storyboard; name = Base; path = Base.lproj/LaunchScreen.storyboard; sourceTree = "<group>"; };
		43C83C1B286BB2EE00FBEA40 /* Info.plist */ = {isa = PBXFileReference; lastKnownFileType = text.plist.xml; path = Info.plist; sourceTree = "<group>"; };
		43C83C20286BB2EE00FBEA40 /* SWPTests.xctest */ = {isa = PBXFileReference; explicitFileType = wrapper.cfbundle; includeInIndex = 0; path = SWPTests.xctest; sourceTree = BUILT_PRODUCTS_DIR; };
		43C83C24286BB2EE00FBEA40 /* SWPTests.swift */ = {isa = PBXFileReference; lastKnownFileType = sourcecode.swift; path = SWPTests.swift; sourceTree = "<group>"; };
		43C83C2A286BB2EF00FBEA40 /* SWPUITests.xctest */ = {isa = PBXFileReference; explicitFileType = wrapper.cfbundle; includeInIndex = 0; path = SWPUITests.xctest; sourceTree = BUILT_PRODUCTS_DIR; };
		43C83C2E286BB2EF00FBEA40 /* SWPUITests.swift */ = {isa = PBXFileReference; lastKnownFileType = sourcecode.swift; path = SWPUITests.swift; sourceTree = "<group>"; };
		43C83C30286BB2EF00FBEA40 /* SWPUITestsLaunchTests.swift */ = {isa = PBXFileReference; lastKnownFileType = sourcecode.swift; path = SWPUITestsLaunchTests.swift; sourceTree = "<group>"; };
		43C83C86286E9CC100FBEA40 /* SecondViewController.swift */ = {isa = PBXFileReference; lastKnownFileType = sourcecode.swift; path = SecondViewController.swift; sourceTree = "<group>"; };
		43C83C88286EBA8900FBEA40 /* Q1ViewController.swift */ = {isa = PBXFileReference; lastKnownFileType = sourcecode.swift; path = Q1ViewController.swift; sourceTree = "<group>"; };
		43C83C8A286EBACA00FBEA40 /* Q2ViewController.swift */ = {isa = PBXFileReference; lastKnownFileType = sourcecode.swift; path = Q2ViewController.swift; sourceTree = "<group>"; };
		43C83C8C286EBAF200FBEA40 /* Q3ViewController.swift */ = {isa = PBXFileReference; lastKnownFileType = sourcecode.swift; path = Q3ViewController.swift; sourceTree = "<group>"; };
		43C83C8E286EBB1200FBEA40 /* Q4ViewController.swift */ = {isa = PBXFileReference; lastKnownFileType = sourcecode.swift; path = Q4ViewController.swift; sourceTree = "<group>"; };
		43C83C90286EBB3900FBEA40 /* ResultsViewController.swift */ = {isa = PBXFileReference; lastKnownFileType = sourcecode.swift; path = ResultsViewController.swift; sourceTree = "<group>"; };
		43C83C94286ECCD800FBEA40 /* startQuizViewController.swift */ = {isa = PBXFileReference; lastKnownFileType = sourcecode.swift; path = startQuizViewController.swift; sourceTree = "<group>"; };
		43E20BD0286F59A800027C2F /* logo.mp4 */ = {isa = PBXFileReference; lastKnownFileType = file; path = logo.mp4; sourceTree = "<group>"; };
/* End PBXFileReference section */

/* Begin PBXFrameworksBuildPhase section */
		43C83C04286BB2E900FBEA40 /* Frameworks */ = {
			isa = PBXFrameworksBuildPhase;
			buildActionMask = 2147483647;
			files = (
			);
			runOnlyForDeploymentPostprocessing = 0;
		};
		43C83C1D286BB2EE00FBEA40 /* Frameworks */ = {
			isa = PBXFrameworksBuildPhase;
			buildActionMask = 2147483647;
			files = (
			);
			runOnlyForDeploymentPostprocessing = 0;
		};
		43C83C27286BB2EF00FBEA40 /* Frameworks */ = {
			isa = PBXFrameworksBuildPhase;
			buildActionMask = 2147483647;
			files = (
			);
			runOnlyForDeploymentPostprocessing = 0;
		};
/* End PBXFrameworksBuildPhase section */

/* Begin PBXGroup section */
		43C83BFE286BB2E800FBEA40 = {
			isa = PBXGroup;
			children = (
				43C83C09286BB2E900FBEA40 /* SWP */,
				43C83C23286BB2EE00FBEA40 /* SWPTests */,
				43C83C2D286BB2EF00FBEA40 /* SWPUITests */,
				43C83C08286BB2E900FBEA40 /* Products */,
			);
			sourceTree = "<group>";
		};
		43C83C08286BB2E900FBEA40 /* Products */ = {
			isa = PBXGroup;
			children = (
				43C83C07286BB2E900FBEA40 /* SWP.app */,
				43C83C20286BB2EE00FBEA40 /* SWPTests.xctest */,
				43C83C2A286BB2EF00FBEA40 /* SWPUITests.xctest */,
			);
			name = Products;
			sourceTree = "<group>";
		};
		43C83C09286BB2E900FBEA40 /* SWP */ = {
			isa = PBXGroup;
			children = (
				43E20BD0286F59A800027C2F /* logo.mp4 */,
				43C83C0A286BB2E900FBEA40 /* AppDelegate.swift */,
				43C83C0C286BB2E900FBEA40 /* SceneDelegate.swift */,
				43C83C0E286BB2E900FBEA40 /* ViewController.swift */,
				43C83C10286BB2E900FBEA40 /* Main.storyboard */,
				43C83C94286ECCD800FBEA40 /* startQuizViewController.swift */,
				43C83C90286EBB3900FBEA40 /* ResultsViewController.swift */,
				43C83C8E286EBB1200FBEA40 /* Q4ViewController.swift */,
				43C83C8C286EBAF200FBEA40 /* Q3ViewController.swift */,
				43C83C8A286EBACA00FBEA40 /* Q2ViewController.swift */,
				43C83C88286EBA8900FBEA40 /* Q1ViewController.swift */,
				43C83C86286E9CC100FBEA40 /* SecondViewController.swift */,
				43C83C16286BB2EE00FBEA40 /* Assets.xcassets */,
				43C83C18286BB2EE00FBEA40 /* LaunchScreen.storyboard */,
				43C83C1B286BB2EE00FBEA40 /* Info.plist */,
				43C83C13286BB2E900FBEA40 /* SWP.xcdatamodeld */,
			);
			path = SWP;
			sourceTree = "<group>";
		};
		43C83C23286BB2EE00FBEA40 /* SWPTests */ = {
			isa = PBXGroup;
			children = (
				43C83C24286BB2EE00FBEA40 /* SWPTests.swift */,
			);
			path = SWPTests;
			sourceTree = "<group>";
		};
		43C83C2D286BB2EF00FBEA40 /* SWPUITests */ = {
			isa = PBXGroup;
			children = (
				43C83C2E286BB2EF00FBEA40 /* SWPUITests.swift */,
				43C83C30286BB2EF00FBEA40 /* SWPUITestsLaunchTests.swift */,
			);
			path = SWPUITests;
			sourceTree = "<group>";
		};
/* End PBXGroup section */

/* Begin PBXNativeTarget section */
		43C83C06286BB2E900FBEA40 /* SWP */ = {
			isa = PBXNativeTarget;
			buildConfigurationList = 43C83C34286BB2EF00FBEA40 /* Build configuration list for PBXNativeTarget "SWP" */;
			buildPhases = (
				43C83C03286BB2E900FBEA40 /* Sources */,
				43C83C04286BB2E900FBEA40 /* Frameworks */,
				43C83C05286BB2E900FBEA40 /* Resources */,
			);
			buildRules = (
			);
			dependencies = (
			);
			name = SWP;
			productName = SWP;
			productReference = 43C83C07286BB2E900FBEA40 /* SWP.app */;
			productType = "com.apple.product-type.application";
		};
		43C83C1F286BB2EE00FBEA40 /* SWPTests */ = {
			isa = PBXNativeTarget;
			buildConfigurationList = 43C83C37286BB2EF00FBEA40 /* Build configuration list for PBXNativeTarget "SWPTests" */;
			buildPhases = (
				43C83C1C286BB2EE00FBEA40 /* Sources */,
				43C83C1D286BB2EE00FBEA40 /* Frameworks */,
				43C83C1E286BB2EE00FBEA40 /* Resources */,
			);
			buildRules = (
			);
			dependencies = (
				43C83C22286BB2EE00FBEA40 /* PBXTargetDependency */,
			);
			name = SWPTests;
			productName = SWPTests;
			productReference = 43C83C20286BB2EE00FBEA40 /* SWPTests.xctest */;
			productType = "com.apple.product-type.bundle.unit-test";
		};
		43C83C29286BB2EF00FBEA40 /* SWPUITests */ = {
			isa = PBXNativeTarget;
			buildConfigurationList = 43C83C3A286BB2EF00FBEA40 /* Build configuration list for PBXNativeTarget "SWPUITests" */;
			buildPhases = (
				43C83C26286BB2EF00FBEA40 /* Sources */,
				43C83C27286BB2EF00FBEA40 /* Frameworks */,
				43C83C28286BB2EF00FBEA40 /* Resources */,
			);
			buildRules = (
			);
			dependencies = (
				43C83C2C286BB2EF00FBEA40 /* PBXTargetDependency */,
			);
			name = SWPUITests;
			productName = SWPUITests;
			productReference = 43C83C2A286BB2EF00FBEA40 /* SWPUITests.xctest */;
			productType = "com.apple.product-type.bundle.ui-testing";
		};
/* End PBXNativeTarget section */

/* Begin PBXProject section */
		43C83BFF286BB2E800FBEA40 /* Project object */ = {
			isa = PBXProject;
			attributes = {
				BuildIndependentTargetsInParallel = 1;
				LastSwiftUpdateCheck = 1340;
				LastUpgradeCheck = 1340;
				TargetAttributes = {
					43C83C06286BB2E900FBEA40 = {
						CreatedOnToolsVersion = 13.4.1;
					};
					43C83C1F286BB2EE00FBEA40 = {
						CreatedOnToolsVersion = 13.4.1;
						TestTargetID = 43C83C06286BB2E900FBEA40;
					};
					43C83C29286BB2EF00FBEA40 = {
						CreatedOnToolsVersion = 13.4.1;
						TestTargetID = 43C83C06286BB2E900FBEA40;
					};
				};
			};
			buildConfigurationList = 43C83C02286BB2E800FBEA40 /* Build configuration list for PBXProject "SWP" */;
			compatibilityVersion = "Xcode 13.0";
			developmentRegion = en;
			hasScannedForEncodings = 0;
			knownRegions = (
				en,
				Base,
			);
			mainGroup = 43C83BFE286BB2E800FBEA40;
			productRefGroup = 43C83C08286BB2E900FBEA40 /* Products */;
			projectDirPath = "";
			projectRoot = "";
			targets = (
				43C83C06286BB2E900FBEA40 /* SWP */,
				43C83C1F286BB2EE00FBEA40 /* SWPTests */,
				43C83C29286BB2EF00FBEA40 /* SWPUITests */,
			);
		};
/* End PBXProject section */

/* Begin PBXResourcesBuildPhase section */
		43C83C05286BB2E900FBEA40 /* Resources */ = {
			isa = PBXResourcesBuildPhase;
			buildActionMask = 2147483647;
			files = (
				43C83C1A286BB2EE00FBEA40 /* LaunchScreen.storyboard in Resources */,
				43E20BD1286F59A800027C2F /* logo.mp4 in Resources */,
				43C83C17286BB2EE00FBEA40 /* Assets.xcassets in Resources */,
				43C83C12286BB2E900FBEA40 /* Main.storyboard in Resources */,
			);
			runOnlyForDeploymentPostprocessing = 0;
		};
		43C83C1E286BB2EE00FBEA40 /* Resources */ = {
			isa = PBXResourcesBuildPhase;
			buildActionMask = 2147483647;
			files = (
			);
			runOnlyForDeploymentPostprocessing = 0;
		};
		43C83C28286BB2EF00FBEA40 /* Resources */ = {
			isa = PBXResourcesBuildPhase;
			buildActionMask = 2147483647;
			files = (
			);
			runOnlyForDeploymentPostprocessing = 0;
		};
/* End PBXResourcesBuildPhase section */

/* Begin PBXSourcesBuildPhase section */
		43C83C03286BB2E900FBEA40 /* Sources */ = {
			isa = PBXSourcesBuildPhase;
			buildActionMask = 2147483647;
			files = (
				43C83C8B286EBACA00FBEA40 /* Q2ViewController.swift in Sources */,
				43C83C89286EBA8A00FBEA40 /* Q1ViewController.swift in Sources */,
				43C83C95286ECCD800FBEA40 /* startQuizViewController.swift in Sources */,
				43C83C0F286BB2E900FBEA40 /* ViewController.swift in Sources */,
				43C83C91286EBB3900FBEA40 /* ResultsViewController.swift in Sources */,
				43C83C0B286BB2E900FBEA40 /* AppDelegate.swift in Sources */,
				43C83C8D286EBAF200FBEA40 /* Q3ViewController.swift in Sources */,
				43C83C8F286EBB1200FBEA40 /* Q4ViewController.swift in Sources */,
				43C83C15286BB2E900FBEA40 /* SWP.xcdatamodeld in Sources */,
				43C83C87286E9CC100FBEA40 /* SecondViewController.swift in Sources */,
				43C83C0D286BB2E900FBEA40 /* SceneDelegate.swift in Sources */,
			);
			runOnlyForDeploymentPostprocessing = 0;
		};
		43C83C1C286BB2EE00FBEA40 /* Sources */ = {
			isa = PBXSourcesBuildPhase;
			buildActionMask = 2147483647;
			files = (
				43C83C25286BB2EE00FBEA40 /* SWPTests.swift in Sources */,
			);
			runOnlyForDeploymentPostprocessing = 0;
		};
		43C83C26286BB2EF00FBEA40 /* Sources */ = {
			isa = PBXSourcesBuildPhase;
			buildActionMask = 2147483647;
			files = (
				43C83C2F286BB2EF00FBEA40 /* SWPUITests.swift in Sources */,
				43C83C31286BB2EF00FBEA40 /* SWPUITestsLaunchTests.swift in Sources */,
			);
			runOnlyForDeploymentPostprocessing = 0;
		};
/* End PBXSourcesBuildPhase section */

/* Begin PBXTargetDependency section */
		43C83C22286BB2EE00FBEA40 /* PBXTargetDependency */ = {
			isa = PBXTargetDependency;
			target = 43C83C06286BB2E900FBEA40 /* SWP */;
			targetProxy = 43C83C21286BB2EE00FBEA40 /* PBXContainerItemProxy */;
		};
		43C83C2C286BB2EF00FBEA40 /* PBXTargetDependency */ = {
			isa = PBXTargetDependency;
			target = 43C83C06286BB2E900FBEA40 /* SWP */;
			targetProxy = 43C83C2B286BB2EF00FBEA40 /* PBXContainerItemProxy */;
		};
/* End PBXTargetDependency section */

/* Begin PBXVariantGroup section */
		43C83C10286BB2E900FBEA40 /* Main.storyboard */ = {
			isa = PBXVariantGroup;
			children = (
				43C83C11286BB2E900FBEA40 /* Base */,
			);
			name = Main.storyboard;
			sourceTree = "<group>";
		};
		43C83C18286BB2EE00FBEA40 /* LaunchScreen.storyboard */ = {
			isa = PBXVariantGroup;
			children = (
				43C83C19286BB2EE00FBEA40 /* Base */,
			);
			name = LaunchScreen.storyboard;
			sourceTree = "<group>";
		};
/* End PBXVariantGroup section */

/* Begin XCBuildConfiguration section */
		43C83C32286BB2EF00FBEA40 /* Debug */ = {
			isa = XCBuildConfiguration;
			buildSettings = {
				ALWAYS_SEARCH_USER_PATHS = NO;
				CLANG_ANALYZER_NONNULL = YES;
				CLANG_ANALYZER_NUMBER_OBJECT_CONVERSION = YES_AGGRESSIVE;
				CLANG_CXX_LANGUAGE_STANDARD = "gnu++17";
				CLANG_ENABLE_MODULES = YES;
				CLANG_ENABLE_OBJC_ARC = YES;
				CLANG_ENABLE_OBJC_WEAK = YES;
				CLANG_WARN_BLOCK_CAPTURE_AUTORELEASING = YES;
				CLANG_WARN_BOOL_CONVERSION = YES;
				CLANG_WARN_COMMA = YES;
				CLANG_WARN_CONSTANT_CONVERSION = YES;
				CLANG_WARN_DEPRECATED_OBJC_IMPLEMENTATIONS = YES;
				CLANG_WARN_DIRECT_OBJC_ISA_USAGE = YES_ERROR;
				CLANG_WARN_DOCUMENTATION_COMMENTS = YES;
				CLANG_WARN_EMPTY_BODY = YES;
				CLANG_WARN_ENUM_CONVERSION = YES;
				CLANG_WARN_INFINITE_RECURSION = YES;
				CLANG_WARN_INT_CONVERSION = YES;
				CLANG_WARN_NON_LITERAL_NULL_CONVERSION = YES;
				CLANG_WARN_OBJC_IMPLICIT_RETAIN_SELF = YES;
				CLANG_WARN_OBJC_LITERAL_CONVERSION = YES;
				CLANG_WARN_OBJC_ROOT_CLASS = YES_ERROR;
				CLANG_WARN_QUOTED_INCLUDE_IN_FRAMEWORK_HEADER = YES;
				CLANG_WARN_RANGE_LOOP_ANALYSIS = YES;
				CLANG_WARN_STRICT_PROTOTYPES = YES;
				CLANG_WARN_SUSPICIOUS_MOVE = YES;
				CLANG_WARN_UNGUARDED_AVAILABILITY = YES_AGGRESSIVE;
				CLANG_WARN_UNREACHABLE_CODE = YES;
				CLANG_WARN__DUPLICATE_METHOD_MATCH = YES;
				COPY_PHASE_STRIP = NO;
				DEBUG_INFORMATION_FORMAT = dwarf;
				ENABLE_STRICT_OBJC_MSGSEND = YES;
				ENABLE_TESTABILITY = YES;
				GCC_C_LANGUAGE_STANDARD = gnu11;
				GCC_DYNAMIC_NO_PIC = NO;
				GCC_NO_COMMON_BLOCKS = YES;
				GCC_OPTIMIZATION_LEVEL = 0;
				GCC_PREPROCESSOR_DEFINITIONS = (
					"DEBUG=1",
					"$(inherited)",
				);
				GCC_WARN_64_TO_32_BIT_CONVERSION = YES;
				GCC_WARN_ABOUT_RETURN_TYPE = YES_ERROR;
				GCC_WARN_UNDECLARED_SELECTOR = YES;
				GCC_WARN_UNINITIALIZED_AUTOS = YES_AGGRESSIVE;
				GCC_WARN_UNUSED_FUNCTION = YES;
				GCC_WARN_UNUSED_VARIABLE = YES;
				IPHONEOS_DEPLOYMENT_TARGET = 15.5;
				MTL_ENABLE_DEBUG_INFO = INCLUDE_SOURCE;
				MTL_FAST_MATH = YES;
				ONLY_ACTIVE_ARCH = YES;
				SDKROOT = iphoneos;
				SWIFT_ACTIVE_COMPILATION_CONDITIONS = DEBUG;
				SWIFT_OPTIMIZATION_LEVEL = "-Onone";
			};
			name = Debug;
		};
		43C83C33286BB2EF00FBEA40 /* Release */ = {
			isa = XCBuildConfiguration;
			buildSettings = {
				ALWAYS_SEARCH_USER_PATHS = NO;
				CLANG_ANALYZER_NONNULL = YES;
				CLANG_ANALYZER_NUMBER_OBJECT_CONVERSION = YES_AGGRESSIVE;
				CLANG_CXX_LANGUAGE_STANDARD = "gnu++17";
				CLANG_ENABLE_MODULES = YES;
				CLANG_ENABLE_OBJC_ARC = YES;
				CLANG_ENABLE_OBJC_WEAK = YES;
				CLANG_WARN_BLOCK_CAPTURE_AUTORELEASING = YES;
				CLANG_WARN_BOOL_CONVERSION = YES;
				CLANG_WARN_COMMA = YES;
				CLANG_WARN_CONSTANT_CONVERSION = YES;
				CLANG_WARN_DEPRECATED_OBJC_IMPLEMENTATIONS = YES;
				CLANG_WARN_DIRECT_OBJC_ISA_USAGE = YES_ERROR;
				CLANG_WARN_DOCUMENTATION_COMMENTS = YES;
				CLANG_WARN_EMPTY_BODY = YES;
				CLANG_WARN_ENUM_CONVERSION = YES;
				CLANG_WARN_INFINITE_RECURSION = YES;
				CLANG_WARN_INT_CONVERSION = YES;
				CLANG_WARN_NON_LITERAL_NULL_CONVERSION = YES;
				CLANG_WARN_OBJC_IMPLICIT_RETAIN_SELF = YES;
				CLANG_WARN_OBJC_LITERAL_CONVERSION = YES;
				CLANG_WARN_OBJC_ROOT_CLASS = YES_ERROR;
				CLANG_WARN_QUOTED_INCLUDE_IN_FRAMEWORK_HEADER = YES;
				CLANG_WARN_RANGE_LOOP_ANALYSIS = YES;
				CLANG_WARN_STRICT_PROTOTYPES = YES;
				CLANG_WARN_SUSPICIOUS_MOVE = YES;
				CLANG_WARN_UNGUARDED_AVAILABILITY = YES_AGGRESSIVE;
				CLANG_WARN_UNREACHABLE_CODE = YES;
				CLANG_WARN__DUPLICATE_METHOD_MATCH = YES;
				COPY_PHASE_STRIP = NO;
				DEBUG_INFORMATION_FORMAT = "dwarf-with-dsym";
				ENABLE_NS_ASSERTIONS = NO;
				ENABLE_STRICT_OBJC_MSGSEND = YES;
				GCC_C_LANGUAGE_STANDARD = gnu11;
				GCC_NO_COMMON_BLOCKS = YES;
				GCC_WARN_64_TO_32_BIT_CONVERSION = YES;
				GCC_WARN_ABOUT_RETURN_TYPE = YES_ERROR;
				GCC_WARN_UNDECLARED_SELECTOR = YES;
				GCC_WARN_UNINITIALIZED_AUTOS = YES_AGGRESSIVE;
				GCC_WARN_UNUSED_FUNCTION = YES;
				GCC_WARN_UNUSED_VARIABLE = YES;
				IPHONEOS_DEPLOYMENT_TARGET = 15.5;
				MTL_ENABLE_DEBUG_INFO = NO;
				MTL_FAST_MATH = YES;
				SDKROOT = iphoneos;
				SWIFT_COMPILATION_MODE = wholemodule;
				SWIFT_OPTIMIZATION_LEVEL = "-O";
				VALIDATE_PRODUCT = YES;
			};
			name = Release;
		};
		43C83C35286BB2EF00FBEA40 /* Debug */ = {
			isa = XCBuildConfiguration;
			buildSettings = {
				ASSETCATALOG_COMPILER_APPICON_NAME = AppIcon;
				ASSETCATALOG_COMPILER_GLOBAL_ACCENT_COLOR_NAME = AccentColor;
				CODE_SIGN_STYLE = Automatic;
				CURRENT_PROJECT_VERSION = 1;
				GENERATE_INFOPLIST_FILE = YES;
				INFOPLIST_FILE = SWP/Info.plist;
				INFOPLIST_KEY_UIApplicationSupportsIndirectInputEvents = YES;
				INFOPLIST_KEY_UILaunchStoryboardName = LaunchScreen;
				INFOPLIST_KEY_UIMainStoryboardFile = Main;
				INFOPLIST_KEY_UISupportedInterfaceOrientations_iPad = "UIInterfaceOrientationPortrait UIInterfaceOrientationPortraitUpsideDown UIInterfaceOrientationLandscapeLeft UIInterfaceOrientationLandscapeRight";
				INFOPLIST_KEY_UISupportedInterfaceOrientations_iPhone = "UIInterfaceOrientationPortrait UIInterfaceOrientationLandscapeLeft UIInterfaceOrientationLandscapeRight";
				LD_RUNPATH_SEARCH_PATHS = (
					"$(inherited)",
					"@executable_path/Frameworks",
				);
				MARKETING_VERSION = 1.0;
				PRODUCT_BUNDLE_IDENTIFIER = KwK.SWP;
				PRODUCT_NAME = "$(TARGET_NAME)";
				SWIFT_EMIT_LOC_STRINGS = YES;
				SWIFT_VERSION = 5.0;
				TARGETED_DEVICE_FAMILY = "1,2";
			};
			name = Debug;
		};
		43C83C36286BB2EF00FBEA40 /* Release */ = {
			isa = XCBuildConfiguration;
			buildSettings = {
				ASSETCATALOG_COMPILER_APPICON_NAME = AppIcon;
				ASSETCATALOG_COMPILER_GLOBAL_ACCENT_COLOR_NAME = AccentColor;
				CODE_SIGN_STYLE = Automatic;
				CURRENT_PROJECT_VERSION = 1;
				GENERATE_INFOPLIST_FILE = YES;
				INFOPLIST_FILE = SWP/Info.plist;
				INFOPLIST_KEY_UIApplicationSupportsIndirectInputEvents = YES;
				INFOPLIST_KEY_UILaunchStoryboardName = LaunchScreen;
				INFOPLIST_KEY_UIMainStoryboardFile = Main;
				INFOPLIST_KEY_UISupportedInterfaceOrientations_iPad = "UIInterfaceOrientationPortrait UIInterfaceOrientationPortraitUpsideDown UIInterfaceOrientationLandscapeLeft UIInterfaceOrientationLandscapeRight";
				INFOPLIST_KEY_UISupportedInterfaceOrientations_iPhone = "UIInterfaceOrientationPortrait UIInterfaceOrientationLandscapeLeft UIInterfaceOrientationLandscapeRight";
				LD_RUNPATH_SEARCH_PATHS = (
					"$(inherited)",
					"@executable_path/Frameworks",
				);
				MARKETING_VERSION = 1.0;
				PRODUCT_BUNDLE_IDENTIFIER = KwK.SWP;
				PRODUCT_NAME = "$(TARGET_NAME)";
				SWIFT_EMIT_LOC_STRINGS = YES;
				SWIFT_VERSION = 5.0;
				TARGETED_DEVICE_FAMILY = "1,2";
			};
			name = Release;
		};
		43C83C38286BB2EF00FBEA40 /* Debug */ = {
			isa = XCBuildConfiguration;
			buildSettings = {
				ALWAYS_EMBED_SWIFT_STANDARD_LIBRARIES = YES;
				BUNDLE_LOADER = "$(TEST_HOST)";
				CODE_SIGN_STYLE = Automatic;
				CURRENT_PROJECT_VERSION = 1;
				GENERATE_INFOPLIST_FILE = YES;
				IPHONEOS_DEPLOYMENT_TARGET = 15.5;
				MARKETING_VERSION = 1.0;
				PRODUCT_BUNDLE_IDENTIFIER = KwK.SWPTests;
				PRODUCT_NAME = "$(TARGET_NAME)";
				SWIFT_EMIT_LOC_STRINGS = NO;
				SWIFT_VERSION = 5.0;
				TARGETED_DEVICE_FAMILY = "1,2";
				TEST_HOST = "$(BUILT_PRODUCTS_DIR)/SWP.app/SWP";
			};
			name = Debug;
		};
		43C83C39286BB2EF00FBEA40 /* Release */ = {
			isa = XCBuildConfiguration;
			buildSettings = {
				ALWAYS_EMBED_SWIFT_STANDARD_LIBRARIES = YES;
				BUNDLE_LOADER = "$(TEST_HOST)";
				CODE_SIGN_STYLE = Automatic;
				CURRENT_PROJECT_VERSION = 1;
				GENERATE_INFOPLIST_FILE = YES;
				IPHONEOS_DEPLOYMENT_TARGET = 15.5;
				MARKETING_VERSION = 1.0;
				PRODUCT_BUNDLE_IDENTIFIER = KwK.SWPTests;
				PRODUCT_NAME = "$(TARGET_NAME)";
				SWIFT_EMIT_LOC_STRINGS = NO;
				SWIFT_VERSION = 5.0;
				TARGETED_DEVICE_FAMILY = "1,2";
				TEST_HOST = "$(BUILT_PRODUCTS_DIR)/SWP.app/SWP";
			};
			name = Release;
		};
		43C83C3B286BB2EF00FBEA40 /* Debug */ = {
			isa = XCBuildConfiguration;
			buildSettings = {
				ALWAYS_EMBED_SWIFT_STANDARD_LIBRARIES = YES;
				CODE_SIGN_STYLE = Automatic;
				CURRENT_PROJECT_VERSION = 1;
				GENERATE_INFOPLIST_FILE = YES;
				MARKETING_VERSION = 1.0;
				PRODUCT_BUNDLE_IDENTIFIER = KwK.SWPUITests;
				PRODUCT_NAME = "$(TARGET_NAME)";
				SWIFT_EMIT_LOC_STRINGS = NO;
				SWIFT_VERSION = 5.0;
				TARGETED_DEVICE_FAMILY = "1,2";
				TEST_TARGET_NAME = SWP;
			};
			name = Debug;
		};
		43C83C3C286BB2EF00FBEA40 /* Release */ = {
			isa = XCBuildConfiguration;
			buildSettings = {
				ALWAYS_EMBED_SWIFT_STANDARD_LIBRARIES = YES;
				CODE_SIGN_STYLE = Automatic;
				CURRENT_PROJECT_VERSION = 1;
				GENERATE_INFOPLIST_FILE = YES;
				MARKETING_VERSION = 1.0;
				PRODUCT_BUNDLE_IDENTIFIER = KwK.SWPUITests;
				PRODUCT_NAME = "$(TARGET_NAME)";
				SWIFT_EMIT_LOC_STRINGS = NO;
				SWIFT_VERSION = 5.0;
				TARGETED_DEVICE_FAMILY = "1,2";
				TEST_TARGET_NAME = SWP;
			};
			name = Release;
		};
/* End XCBuildConfiguration section */

/* Begin XCConfigurationList section */
		43C83C02286BB2E800FBEA40 /* Build configuration list for PBXProject "SWP" */ = {
			isa = XCConfigurationList;
			buildConfigurations = (
				43C83C32286BB2EF00FBEA40 /* Debug */,
				43C83C33286BB2EF00FBEA40 /* Release */,
			);
			defaultConfigurationIsVisible = 0;
			defaultConfigurationName = Release;
		};
		43C83C34286BB2EF00FBEA40 /* Build configuration list for PBXNativeTarget "SWP" */ = {
			isa = XCConfigurationList;
			buildConfigurations = (
				43C83C35286BB2EF00FBEA40 /* Debug */,
				43C83C36286BB2EF00FBEA40 /* Release */,
			);
			defaultConfigurationIsVisible = 0;
			defaultConfigurationName = Release;
		};
		43C83C37286BB2EF00FBEA40 /* Build configuration list for PBXNativeTarget "SWPTests" */ = {
			isa = XCConfigurationList;
			buildConfigurations = (
				43C83C38286BB2EF00FBEA40 /* Debug */,
				43C83C39286BB2EF00FBEA40 /* Release */,
			);
			defaultConfigurationIsVisible = 0;
			defaultConfigurationName = Release;
		};
		43C83C3A286BB2EF00FBEA40 /* Build configuration list for PBXNativeTarget "SWPUITests" */ = {
			isa = XCConfigurationList;
			buildConfigurations = (
				43C83C3B286BB2EF00FBEA40 /* Debug */,
				43C83C3C286BB2EF00FBEA40 /* Release */,
			);
			defaultConfigurationIsVisible = 0;
			defaultConfigurationName = Release;
		};
/* End XCConfigurationList section */

/* Begin XCVersionGroup section */
		43C83C13286BB2E900FBEA40 /* SWP.xcdatamodeld */ = {
			isa = XCVersionGroup;
			children = (
				43C83C14286BB2E900FBEA40 /* SWP.xcdatamodel */,
			);
			currentVersion = 43C83C14286BB2E900FBEA40 /* SWP.xcdatamodel */;
			path = SWP.xcdatamodeld;
			sourceTree = "<group>";
			versionGroupType = wrapper.xcdatamodel;
		};
/* End XCVersionGroup section */
	};
	rootObject = 43C83BFF286BB2E800FBEA40 /* Project object */;
}
